
Microsoft Visual Studio Solution File, Format Version 12.00
# Visual Studio Version 17
VisualStudioVersion = 17.9.34701.34
MinimumVisualStudioVersion = 10.0.40219.1
Project("{FAE04EC0-301F-11D3-BF4B-00C04F79EFBC}") = "Interfacee", "Interfacee\Interfacee.csproj", "{20469B54-3459-4F67-865F-C0DEB23A112D}"
EndProject
Global
	GlobalSection(SolutionConfigurationPlatforms) = preSolution
		Debug|Any CPU = Debug|Any CPU
		Release|Any CPU = Release|Any CPU
	EndGlobalSection
	GlobalSection(ProjectConfigurationPlatforms) = postSolution
		{20469B54-3459-4F67-865F-C0DEB23A112D}.Debug|Any CPU.ActiveCfg = Debug|Any CPU
		{20469B54-3459-4F67-865F-C0DEB23A112D}.Debug|Any CPU.Build.0 = Debug|Any CPU
		{20469B54-3459-4F67-865F-C0DEB23A112D}.Release|Any CPU.ActiveCfg = Release|Any CPU
		{20469B54-3459-4F67-865F-C0DEB23A112D}.Release|Any CPU.Build.0 = Release|Any CPU
	EndGlobalSection
	GlobalSection(SolutionProperties) = preSolution
		HideSolutionNode = FALSE
	EndGlobalSection
	GlobalSection(ExtensibilityGlobals) = postSolution
		SolutionGuid = {E729737B-71E7-4533-B996-D71CB7ECBA69}
	EndGlobalSection
EndGlobal
